github.com/QutaqKicker/ChatParser/Common v0.0.0-20250201164326-a3505e3d0192 h1:A1lnOx+GcXO3QCE6bGM304IkQCalRSpCqoLFfS+mj3A=
github.com/QutaqKicker/ChatParser/Common v0.0.0-20250201164326-a3505e3d0192/go.mod h1:QtHvz7iK9eNKyr0FesJ7fvbJD97HYCU8oLSDk3K4jrQ=
github.com/QutaqKicker/ChatParser/Protos v0.0.0-20250201164326-a3505e3d0192 h1:vOXWufpAVisGVsH0ja6v1eNhcW51dNdsJTMFCqKqGjA=
github.com/QutaqKicker/ChatParser/Protos v0.0.0-20250201164326-a3505e3d0192/go.mod h1:tEvRbdnHpMUuJbHyy64ILUmWtLF9odI/CBonhEkdax4=
